<?xml version="1.0" encoding="utf-8"?>
<Project ToolsVersion="4.0" xmlns="http://schemas.microsoft.com/developer/msbuild/2003">
  <ItemGroup>
    <Filter Include="Source Files">
      <UniqueIdentifier>{4FC737F1-C7A5-4376-A066-2A32D752A2FF}</UniqueIdentifier>
      <Extensions>cpp;c;cc;cxx;def;odl;idl;hpj;bat;asm;asmx</Extensions>
    </Filter>
    <Filter Include="Header Files">
      <UniqueIdentifier>{93995380-89BD-4b04-88EB-625FBE52EBFB}</UniqueIdentifier>
      <Extensions>h;hh;hpp;hxx;hm;inl;inc;ipp;xsd</Extensions>
    </Filter>
    <Filter Include="Resource Files">
      <UniqueIdentifier>{67DA6AB6-F800-4c08-8B7A-83BB121AAD01}</UniqueIdentifier>
      <Extensions>rc;ico;cur;bmp;dlg;rc2;rct;bin;rgs;gif;jpg;jpeg;jpe;resx;tiff;tif;png;wav;mfcribbon-ms</Extensions>
    </Filter>
    <Filter Include="Header Files\Classes">
      <UniqueIdentifier>{2029d069-7de9-424d-853b-911908bd8f8b}</UniqueIdentifier>
    </Filter>
    <Filter Include="Source Files\Classes">
      <UniqueIdentifier>{471ee5ce-491e-4920-97c7-9a4af93caaee}</UniqueIdentifier>
    </Filter>
  </ItemGroup>
  <ItemGroup>
    <ClInclude Include="src\Discret_system\LIB.h">
      <Filter>Header Files</Filter>
    </ClInclude>
    <ClInclude Include="src\Discret_system\resource.h">
      <Filter>Header Files</Filter>
    </ClInclude>
    <ClInclude Include="src\Discret_system\Complexe.h">
      <Filter>Header Files\Classes</Filter>
    </ClInclude>
    <ClInclude Include="src\Discret_system\FCTDiscret.h">
      <Filter>Header Files\Classes</Filter>
    </ClInclude>
    <ClInclude Include="src\Discret_system\IHM.h">
      <Filter>Header Files\Classes</Filter>
    </ClInclude>
    <ClInclude Include="src\Discret_system\Matrice.h">
      <Filter>Header Files\Classes</Filter>
    </ClInclude>
    <ClInclude Include="src\Discret_system\Polynome.h">
      <Filter>Header Files\Classes</Filter>
    </ClInclude>
    <ClInclude Include="src\Discret_system\SYSETATDiscret.h">
      <Filter>Header Files\Classes</Filter>
    </ClInclude>
    <ClInclude Include="src\Discret_system\Texture.h">
      <Filter>Header Files\Classes</Filter>
    </ClInclude>
    <ClInclude Include="src\Discret_system\Signal.h">
      <Filter>Header Files\Classes</Filter>
    </ClInclude>
    <ClInclude Include="src\Discret_system\discrete_system_LIB.h">
      <Filter>Header Files</Filter>
    </ClInclude>
    <ClInclude Include="src\Discret_system\LoadConfig.h">
      <Filter>Header Files\Classes</Filter>
    </ClInclude>
    <ClInclude Include="src\Discret_system\End.h">
      <Filter>Header Files\Classes</Filter>
    </ClInclude>
  </ItemGroup>
  <ItemGroup>
    <ClCompile Include="src\Discret_system\main.cpp">
      <Filter>Source Files</Filter>
    </ClCompile>
    <ClCompile Include="src\Discret_system\Complexe.cpp">
      <Filter>Source Files\Classes</Filter>
    </ClCompile>
    <ClCompile Include="src\Discret_system\FCTDiscret.cpp">
      <Filter>Source Files\Classes</Filter>
    </ClCompile>
    <ClCompile Include="src\Discret_system\IHM.cpp">
      <Filter>Source Files\Classes</Filter>
    </ClCompile>
    <ClCompile Include="src\Discret_system\Matrice.cpp">
      <Filter>Source Files\Classes</Filter>
    </ClCompile>
    <ClCompile Include="src\Discret_system\Polynome.cpp">
      <Filter>Source Files\Classes</Filter>
    </ClCompile>
    <ClCompile Include="src\Discret_system\Signal.cpp">
      <Filter>Source Files\Classes</Filter>
    </ClCompile>
    <ClCompile Include="src\Discret_system\SYSETATDiscret.cpp">
      <Filter>Source Files\Classes</Filter>
    </ClCompile>
    <ClCompile Include="src\Discret_system\Texture.cpp">
      <Filter>Source Files\Classes</Filter>
    </ClCompile>
    <ClCompile Include="src\Discret_system\LoadConfig.cpp">
      <Filter>Source Files\Classes</Filter>
    </ClCompile>
    <ClCompile Include="src\Discret_system\End.cpp">
      <Filter>Source Files\Classes</Filter>
    </ClCompile>
  </ItemGroup>
</Project>